{
  "name": "assets",
  "lockfileVersion": 3,
  "requires": true,
  "packages": {
    "": {
      "optionalDependencies": {
        "@iconify/json": "^2.2.184"
      }
    },
    "node_modules/@iconify/json": {
      "version": "2.2.414",
      "resolved": "https://registry.npmjs.org/@iconify/json/-/json-2.2.414.tgz",
      "integrity": "sha512-7aYnEansnTQCuwK0HQjcxWWH/mzSDGbnRgtHnF3PNO0QXhylOpIPHuC+l2vBBIxC7CMrQd87U3UpI+1jfB5nag==",
      "license": "MIT",
      "optional": true,
      "dependencies": {
        "@iconify/types": "*",
        "pathe": "^2.0.3"
      }
    },
    "node_modules/@iconify/types": {
      "version": "2.0.0",
      "resolved": "https://registry.npmjs.org/@iconify/types/-/types-2.0.0.tgz",
      "integrity": "sha512-+wluvCrRhXrhyOmRDJ3q8mux9JkKy5SJ/v8ol2tu4FVjyYvtEzkc/3pK15ET6RKg4b4w4BmTk1+gsCUhf21Ykg==",
      "license": "MIT",
      "optional": true
    },
    "node_modules/pathe": {
      "version": "2.0.3",
      "resolved": "https://registry.npmjs.org/pathe/-/pathe-2.0.3.tgz",
      "integrity": "sha512-WUjGcAqP1gQacoQe+OBJsFA7Ld4DyXuUIjZ5cc75cLHvJ7dtNsTugphxIADwspS+AraAUePCKrSVtPLFj/F88w==",
      "license": "MIT",
      "optional": true
    }
  }
}
