# THIS IS AN AUTOGENERATED FILE. DO NOT EDIT THIS FILE DIRECTLY.
# yarn lockfile v1


"@iconify/json@^2.1.155":
  version "2.2.40"
  resolved "https://registry.yarnpkg.com/@iconify/json/-/json-2.2.40.tgz#168f07c7d71a4011bef5eb6e365acf42e7b2ae1d"
  integrity sha512-I6RVi9Y7xt1AXjJ4JKt3dnS5f/Jep1LyPUwDcc7ZlTgW5u7kcDoIjyAlE+ax5bBqxiR60s9qVVufMmjLSq5iUA==
  dependencies:
    "@iconify/types" "*"
    pathe "^1.0.0"

"@iconify/types@*":
  version "2.0.0"
  resolved "https://registry.yarnpkg.com/@iconify/types/-/types-2.0.0.tgz#ab0e9ea681d6c8a1214f30cd741fe3a20cc57f57"
  integrity sha512-+wluvCrRhXrhyOmRDJ3q8mux9JkKy5SJ/v8ol2tu4FVjyYvtEzkc/3pK15ET6RKg4b4w4BmTk1+gsCUhf21Ykg==

pathe@^1.0.0:
  version "1.1.0"
  resolved "https://registry.yarnpkg.com/pathe/-/pathe-1.1.0.tgz#e2e13f6c62b31a3289af4ba19886c230f295ec03"
  integrity sha512-ODbEPR0KKHqECXW1GoxdDb+AZvULmXjVPy4rt+pGo2+TnjJTIPJQSVS6N63n8T2Ip+syHhbn52OewKicV0373w==
