# THIS IS AN AUTOGENERATED FILE. DO NOT EDIT THIS FILE DIRECTLY.
# yarn lockfile v1


"@iconify/json@^2.1.155":
  version "2.1.155"
  resolved "https://registry.yarnpkg.com/@iconify/json/-/json-2.1.155.tgz#ae6065ca8be94cb805e85345bcdc9a6cd38a0d36"
  integrity sha512-Zr0809RkIKB/0pX3jFfLX4TI8fv1aW6+FHXlfRiDhFKQSmhcs2x5xYhtxI5GUzl+9o6Le544uUCljmHBYJUFrA==
  dependencies:
    "@iconify/types" "*"
    pathe "^0.3.0"

"@iconify/types@*":
  version "2.0.0"
  resolved "https://registry.yarnpkg.com/@iconify/types/-/types-2.0.0.tgz#ab0e9ea681d6c8a1214f30cd741fe3a20cc57f57"
  integrity sha512-+wluvCrRhXrhyOmRDJ3q8mux9JkKy5SJ/v8ol2tu4FVjyYvtEzkc/3pK15ET6RKg4b4w4BmTk1+gsCUhf21Ykg==

pathe@^0.3.0:
  version "0.3.9"
  resolved "https://registry.yarnpkg.com/pathe/-/pathe-0.3.9.tgz#4baff768f37f03e3d9341502865fb93116f65191"
  integrity sha512-6Y6s0vT112P3jD8dGfuS6r+lpa0qqNrLyHPOwvXMnyNTQaYiwgau2DP3aNDsR13xqtGj7rrPo+jFUATpU6/s+g==
