# THIS IS AN AUTOGENERATED FILE. DO NOT EDIT THIS FILE DIRECTLY.
# yarn lockfile v1


"@iconify/json@^2.2.421":
  version "2.2.426"
  resolved "https://registry.yarnpkg.com/@iconify/json/-/json-2.2.426.tgz#eecfd8e9cf202f91b58b9c01776357bb59ce9c56"
  integrity sha512-G0j9u9QtrCByVArRaqO9egzVsrs96yWk/CBareI/aFxCW9XkJHErIsAL8e7WMkT6gc+1o1hXp69OZiqpptwdOA==
  dependencies:
    "@iconify/types" "*"
    pathe "^2.0.3"

"@iconify/types@*":
  version "2.0.0"
  resolved "https://registry.yarnpkg.com/@iconify/types/-/types-2.0.0.tgz#ab0e9ea681d6c8a1214f30cd741fe3a20cc57f57"
  integrity sha512-+wluvCrRhXrhyOmRDJ3q8mux9JkKy5SJ/v8ol2tu4FVjyYvtEzkc/3pK15ET6RKg4b4w4BmTk1+gsCUhf21Ykg==

pathe@^2.0.3:
  version "2.0.3"
  resolved "https://registry.yarnpkg.com/pathe/-/pathe-2.0.3.tgz#3ecbec55421685b70a9da872b2cff3e1cbed1716"
  integrity sha512-WUjGcAqP1gQacoQe+OBJsFA7Ld4DyXuUIjZ5cc75cLHvJ7dtNsTugphxIADwspS+AraAUePCKrSVtPLFj/F88w==
